
Microsoft Visual Studio Solution File, Format Version 12.00
# Visual Studio Version 17
VisualStudioVersion = 17.8.34322.80
MinimumVisualStudioVersion = 10.0.40219.1
Project("{FAE04EC0-301F-11D3-BF4B-00C04F79EFBC}") = "BasicAPI", "BasicAPI\BasicAPI.csproj", "{42728C92-27E4-4278-AD8E-8D61BD4F8983}"
EndProject
Global
	GlobalSection(SolutionConfigurationPlatforms) = preSolution
		Debug|Any CPU = Debug|Any CPU
		Release|Any CPU = Release|Any CPU
	EndGlobalSection
	GlobalSection(ProjectConfigurationPlatforms) = postSolution
		{42728C92-27E4-4278-AD8E-8D61BD4F8983}.Debug|Any CPU.ActiveCfg = Debug|Any CPU
		{42728C92-27E4-4278-AD8E-8D61BD4F8983}.Debug|Any CPU.Build.0 = Debug|Any CPU
		{42728C92-27E4-4278-AD8E-8D61BD4F8983}.Release|Any CPU.ActiveCfg = Release|Any CPU
		{42728C92-27E4-4278-AD8E-8D61BD4F8983}.Release|Any CPU.Build.0 = Release|Any CPU
	EndGlobalSection
	GlobalSection(SolutionProperties) = preSolution
		HideSolutionNode = FALSE
	EndGlobalSection
	GlobalSection(ExtensibilityGlobals) = postSolution
		SolutionGuid = {9DAE42A3-3387-4775-8A2A-FF5D85665AF5}
	EndGlobalSection
EndGlobal
